
Microsoft Visual Studio Solution File, Format Version 12.00
# Visual Studio 15
VisualStudioVersion = 15.0.27703.2018
MinimumVisualStudioVersion = 10.0.40219.1
Project("{FAE04EC0-301F-11D3-BF4B-00C04F79EFBC}") = "SCSS", "SCSS\SCSS.csproj", "{97D5D809-C633-4171-88FE-1287544491B3}"
EndProject
Global
	GlobalSection(SolutionConfigurationPlatforms) = preSolution
		Debug|Any CPU = Debug|Any CPU
		Release|Any CPU = Release|Any CPU
	EndGlobalSection
	GlobalSection(ProjectConfigurationPlatforms) = postSolution
		{97D5D809-C633-4171-88FE-1287544491B3}.Debug|Any CPU.ActiveCfg = Debug|Any CPU
		{97D5D809-C633-4171-88FE-1287544491B3}.Debug|Any CPU.Build.0 = Debug|Any CPU
		{97D5D809-C633-4171-88FE-1287544491B3}.Release|Any CPU.ActiveCfg = Release|Any CPU
		{97D5D809-C633-4171-88FE-1287544491B3}.Release|Any CPU.Build.0 = Release|Any CPU
	EndGlobalSection
	GlobalSection(SolutionProperties) = preSolution
		HideSolutionNode = FALSE
	EndGlobalSection
	GlobalSection(ExtensibilityGlobals) = postSolution
		SolutionGuid = {ABE5254D-97CC-4438-8AE0-1B334AB62650}
	EndGlobalSection
EndGlobal
